
Microsoft Visual Studio Solution File, Format Version 12.00
# Visual Studio 15
VisualStudioVersion = 15.0.27703.2035
MinimumVisualStudioVersion = 10.0.40219.1
Project("{FAE04EC0-301F-11D3-BF4B-00C04F79EFBC}") = "Model", "Model\Model.csproj", "{0D07733E-D479-43B0-BF6D-5D2043261317}"
EndProject
Project("{FAE04EC0-301F-11D3-BF4B-00C04F79EFBC}") = "Logica", "Logica\Logica.csproj", "{9F659A41-B5CD-40EF-99D4-DD73B7D5B288}"
EndProject
Project("{FAE04EC0-301F-11D3-BF4B-00C04F79EFBC}") = "DataAdaptor", "DataAdaptor\DataAdaptor.csproj", "{4C6087F0-054E-412C-A584-1646116E3DE4}"
EndProject
Project("{FAE04EC0-301F-11D3-BF4B-00C04F79EFBC}") = "UI", "UI\UI.csproj", "{91A02A17-AC8A-4469-9EA9-1976705C49D6}"
EndProject
<<<<<<< Updated upstream
Project("{FAE04EC0-301F-11D3-BF4B-00C04F79EFBC}") = "StyleGuide", "Style_guide\StyleGuide.csproj", "{B0629F70-22BF-445A-BB43-379F1F778472}"
=======
Project("{FAE04EC0-301F-11D3-BF4B-00C04F79EFBC}") = "Console App Test Robbin", "Console App Test Robbin\Console App Test Robbin.csproj", "{8E6B4AA2-8F91-42FD-8BE4-05E55C1B85D9}"
>>>>>>> Stashed changes
EndProject
Global
	GlobalSection(SolutionConfigurationPlatforms) = preSolution
		Debug|Any CPU = Debug|Any CPU
		Release|Any CPU = Release|Any CPU
	EndGlobalSection
	GlobalSection(ProjectConfigurationPlatforms) = postSolution
		{0D07733E-D479-43B0-BF6D-5D2043261317}.Debug|Any CPU.ActiveCfg = Debug|Any CPU
		{0D07733E-D479-43B0-BF6D-5D2043261317}.Debug|Any CPU.Build.0 = Debug|Any CPU
		{0D07733E-D479-43B0-BF6D-5D2043261317}.Release|Any CPU.ActiveCfg = Release|Any CPU
		{0D07733E-D479-43B0-BF6D-5D2043261317}.Release|Any CPU.Build.0 = Release|Any CPU
		{9F659A41-B5CD-40EF-99D4-DD73B7D5B288}.Debug|Any CPU.ActiveCfg = Debug|Any CPU
		{9F659A41-B5CD-40EF-99D4-DD73B7D5B288}.Debug|Any CPU.Build.0 = Debug|Any CPU
		{9F659A41-B5CD-40EF-99D4-DD73B7D5B288}.Release|Any CPU.ActiveCfg = Release|Any CPU
		{9F659A41-B5CD-40EF-99D4-DD73B7D5B288}.Release|Any CPU.Build.0 = Release|Any CPU
		{4C6087F0-054E-412C-A584-1646116E3DE4}.Debug|Any CPU.ActiveCfg = Debug|Any CPU
		{4C6087F0-054E-412C-A584-1646116E3DE4}.Debug|Any CPU.Build.0 = Debug|Any CPU
		{4C6087F0-054E-412C-A584-1646116E3DE4}.Release|Any CPU.ActiveCfg = Release|Any CPU
		{4C6087F0-054E-412C-A584-1646116E3DE4}.Release|Any CPU.Build.0 = Release|Any CPU
		{91A02A17-AC8A-4469-9EA9-1976705C49D6}.Debug|Any CPU.ActiveCfg = Debug|Any CPU
		{91A02A17-AC8A-4469-9EA9-1976705C49D6}.Debug|Any CPU.Build.0 = Debug|Any CPU
		{91A02A17-AC8A-4469-9EA9-1976705C49D6}.Release|Any CPU.ActiveCfg = Release|Any CPU
		{91A02A17-AC8A-4469-9EA9-1976705C49D6}.Release|Any CPU.Build.0 = Release|Any CPU
<<<<<<< Updated upstream
		{B0629F70-22BF-445A-BB43-379F1F778472}.Debug|Any CPU.ActiveCfg = Debug|Any CPU
		{B0629F70-22BF-445A-BB43-379F1F778472}.Debug|Any CPU.Build.0 = Debug|Any CPU
		{B0629F70-22BF-445A-BB43-379F1F778472}.Release|Any CPU.ActiveCfg = Release|Any CPU
		{B0629F70-22BF-445A-BB43-379F1F778472}.Release|Any CPU.Build.0 = Release|Any CPU
=======
		{8E6B4AA2-8F91-42FD-8BE4-05E55C1B85D9}.Debug|Any CPU.ActiveCfg = Debug|Any CPU
		{8E6B4AA2-8F91-42FD-8BE4-05E55C1B85D9}.Debug|Any CPU.Build.0 = Debug|Any CPU
		{8E6B4AA2-8F91-42FD-8BE4-05E55C1B85D9}.Release|Any CPU.ActiveCfg = Release|Any CPU
		{8E6B4AA2-8F91-42FD-8BE4-05E55C1B85D9}.Release|Any CPU.Build.0 = Release|Any CPU
>>>>>>> Stashed changes
	EndGlobalSection
	GlobalSection(SolutionProperties) = preSolution
		HideSolutionNode = FALSE
	EndGlobalSection
	GlobalSection(ExtensibilityGlobals) = postSolution
		SolutionGuid = {0EFD8BCD-D660-4C59-B2F5-4A2C8324E3B3}
	EndGlobalSection
EndGlobal
